
Microsoft Visual Studio Solution File, Format Version 12.00
Project("{FAE04EC0-301F-11D3-BF4B-00C04F79EFBC}") = "WhereMyAnagrams", "WhereMyAnagrams\WhereMyAnagrams.csproj", "{39B0C26B-7D23-4350-9C71-5070431ED074}"
EndProject
Project("{FAE04EC0-301F-11D3-BF4B-00C04F79EFBC}") = "WhereMyAnagramTests", "WhereMyAnagramTests\WhereMyAnagramTests.csproj", "{8EC29E17-5F07-4B4E-AC58-000B204D0654}"
EndProject
Project("{FAE04EC0-301F-11D3-BF4B-00C04F79EFBC}") = "DoubleLinear", "DoubleLinear\DoubleLinear.csproj", "{E26D9225-5D88-4142-8AC5-5342B4A3AB6A}"
EndProject
Project("{FAE04EC0-301F-11D3-BF4B-00C04F79EFBC}") = "DoubleLinearTests", "DoubleLinearTests\DoubleLinearTests.csproj", "{2708C2E3-2F1A-445E-A057-2820B16285EF}"
EndProject
Project("{FAE04EC0-301F-11D3-BF4B-00C04F79EFBC}") = "SodokuValidator", "SodokuValidator\SodokuValidator.csproj", "{DFE445F5-2BE4-4693-B6EA-902FE8F7AC00}"
EndProject
Project("{FAE04EC0-301F-11D3-BF4B-00C04F79EFBC}") = "SudokuValidatorTests", "SudokuValidatorTests\SudokuValidatorTests.csproj", "{AE74309C-17C6-4F72-AC87-889C19A3442F}"
EndProject
Project("{FAE04EC0-301F-11D3-BF4B-00C04F79EFBC}") = "parseIntReloaded", "parseIntReloaded\parseIntReloaded.csproj", "{EFD9FB24-8F82-48CE-B171-666194A12969}"
EndProject
Project("{2150E333-8FDC-42A3-9474-1A3956D46DE8}") = "src", "src", "{2D330AF2-C34D-4721-942A-652FBCD6AF0A}"
EndProject
Project("{2150E333-8FDC-42A3-9474-1A3956D46DE8}") = "Tests", "Tests", "{582BC66C-F7C1-4A79-B0F9-26215C153232}"
EndProject
Project("{FAE04EC0-301F-11D3-BF4B-00C04F79EFBC}") = "Hamming", "Hamming\Hamming.csproj", "{E9A750C7-5517-448A-B9D8-0EC4948D9569}"
EndProject
Project("{FAE04EC0-301F-11D3-BF4B-00C04F79EFBC}") = "HammingTests", "HammingTests\HammingTests.csproj", "{013AE546-1288-4D53-9A37-994B4AEA39DF}"
EndProject
Global
	GlobalSection(SolutionConfigurationPlatforms) = preSolution
		Debug|Any CPU = Debug|Any CPU
		Release|Any CPU = Release|Any CPU
	EndGlobalSection
	GlobalSection(ProjectConfigurationPlatforms) = postSolution
		{39B0C26B-7D23-4350-9C71-5070431ED074}.Debug|Any CPU.ActiveCfg = Debug|Any CPU
		{39B0C26B-7D23-4350-9C71-5070431ED074}.Debug|Any CPU.Build.0 = Debug|Any CPU
		{39B0C26B-7D23-4350-9C71-5070431ED074}.Release|Any CPU.ActiveCfg = Release|Any CPU
		{39B0C26B-7D23-4350-9C71-5070431ED074}.Release|Any CPU.Build.0 = Release|Any CPU
		{8EC29E17-5F07-4B4E-AC58-000B204D0654}.Debug|Any CPU.ActiveCfg = Debug|Any CPU
		{8EC29E17-5F07-4B4E-AC58-000B204D0654}.Debug|Any CPU.Build.0 = Debug|Any CPU
		{8EC29E17-5F07-4B4E-AC58-000B204D0654}.Release|Any CPU.ActiveCfg = Release|Any CPU
		{8EC29E17-5F07-4B4E-AC58-000B204D0654}.Release|Any CPU.Build.0 = Release|Any CPU
		{E26D9225-5D88-4142-8AC5-5342B4A3AB6A}.Debug|Any CPU.ActiveCfg = Debug|Any CPU
		{E26D9225-5D88-4142-8AC5-5342B4A3AB6A}.Debug|Any CPU.Build.0 = Debug|Any CPU
		{E26D9225-5D88-4142-8AC5-5342B4A3AB6A}.Release|Any CPU.ActiveCfg = Release|Any CPU
		{E26D9225-5D88-4142-8AC5-5342B4A3AB6A}.Release|Any CPU.Build.0 = Release|Any CPU
		{2708C2E3-2F1A-445E-A057-2820B16285EF}.Debug|Any CPU.ActiveCfg = Debug|Any CPU
		{2708C2E3-2F1A-445E-A057-2820B16285EF}.Debug|Any CPU.Build.0 = Debug|Any CPU
		{2708C2E3-2F1A-445E-A057-2820B16285EF}.Release|Any CPU.ActiveCfg = Release|Any CPU
		{2708C2E3-2F1A-445E-A057-2820B16285EF}.Release|Any CPU.Build.0 = Release|Any CPU
		{DFE445F5-2BE4-4693-B6EA-902FE8F7AC00}.Debug|Any CPU.ActiveCfg = Debug|Any CPU
		{DFE445F5-2BE4-4693-B6EA-902FE8F7AC00}.Debug|Any CPU.Build.0 = Debug|Any CPU
		{DFE445F5-2BE4-4693-B6EA-902FE8F7AC00}.Release|Any CPU.ActiveCfg = Release|Any CPU
		{DFE445F5-2BE4-4693-B6EA-902FE8F7AC00}.Release|Any CPU.Build.0 = Release|Any CPU
		{AE74309C-17C6-4F72-AC87-889C19A3442F}.Debug|Any CPU.ActiveCfg = Debug|Any CPU
		{AE74309C-17C6-4F72-AC87-889C19A3442F}.Debug|Any CPU.Build.0 = Debug|Any CPU
		{AE74309C-17C6-4F72-AC87-889C19A3442F}.Release|Any CPU.ActiveCfg = Release|Any CPU
		{AE74309C-17C6-4F72-AC87-889C19A3442F}.Release|Any CPU.Build.0 = Release|Any CPU
		{EFD9FB24-8F82-48CE-B171-666194A12969}.Debug|Any CPU.ActiveCfg = Debug|Any CPU
		{EFD9FB24-8F82-48CE-B171-666194A12969}.Debug|Any CPU.Build.0 = Debug|Any CPU
		{EFD9FB24-8F82-48CE-B171-666194A12969}.Release|Any CPU.ActiveCfg = Release|Any CPU
		{EFD9FB24-8F82-48CE-B171-666194A12969}.Release|Any CPU.Build.0 = Release|Any CPU
		{E9A750C7-5517-448A-B9D8-0EC4948D9569}.Debug|Any CPU.ActiveCfg = Debug|Any CPU
		{E9A750C7-5517-448A-B9D8-0EC4948D9569}.Debug|Any CPU.Build.0 = Debug|Any CPU
		{E9A750C7-5517-448A-B9D8-0EC4948D9569}.Release|Any CPU.ActiveCfg = Release|Any CPU
		{E9A750C7-5517-448A-B9D8-0EC4948D9569}.Release|Any CPU.Build.0 = Release|Any CPU
		{013AE546-1288-4D53-9A37-994B4AEA39DF}.Debug|Any CPU.ActiveCfg = Debug|Any CPU
		{013AE546-1288-4D53-9A37-994B4AEA39DF}.Debug|Any CPU.Build.0 = Debug|Any CPU
		{013AE546-1288-4D53-9A37-994B4AEA39DF}.Release|Any CPU.ActiveCfg = Release|Any CPU
		{013AE546-1288-4D53-9A37-994B4AEA39DF}.Release|Any CPU.Build.0 = Release|Any CPU
	EndGlobalSection
	GlobalSection(NestedProjects) = preSolution
		{2708C2E3-2F1A-445E-A057-2820B16285EF} = {582BC66C-F7C1-4A79-B0F9-26215C153232}
		{AE74309C-17C6-4F72-AC87-889C19A3442F} = {582BC66C-F7C1-4A79-B0F9-26215C153232}
		{8EC29E17-5F07-4B4E-AC58-000B204D0654} = {582BC66C-F7C1-4A79-B0F9-26215C153232}
		{E26D9225-5D88-4142-8AC5-5342B4A3AB6A} = {2D330AF2-C34D-4721-942A-652FBCD6AF0A}
		{EFD9FB24-8F82-48CE-B171-666194A12969} = {2D330AF2-C34D-4721-942A-652FBCD6AF0A}
		{DFE445F5-2BE4-4693-B6EA-902FE8F7AC00} = {2D330AF2-C34D-4721-942A-652FBCD6AF0A}
		{39B0C26B-7D23-4350-9C71-5070431ED074} = {2D330AF2-C34D-4721-942A-652FBCD6AF0A}
		{E9A750C7-5517-448A-B9D8-0EC4948D9569} = {2D330AF2-C34D-4721-942A-652FBCD6AF0A}
		{013AE546-1288-4D53-9A37-994B4AEA39DF} = {582BC66C-F7C1-4A79-B0F9-26215C153232}
	EndGlobalSection
EndGlobal
