
Microsoft Visual Studio Solution File, Format Version 12.00
Project("{FAE04EC0-301F-11D3-BF4B-00C04F79EFBC}") = "nortoncommander", "nortoncommander\nortoncommander.csproj", "{9F1F4340-2787-40BE-993D-1F3C12D9C3B0}"
EndProject
Project("{FAE04EC0-301F-11D3-BF4B-00C04F79EFBC}") = "nortoncommander.tests", "nortoncommander.tests\nortoncommander.tests.csproj", "{293179AB-BCE7-4EBC-8045-7F7BFE16CD39}"
EndProject
Global
	GlobalSection(SolutionConfigurationPlatforms) = preSolution
		Debug|Any CPU = Debug|Any CPU
		Release|Any CPU = Release|Any CPU
	EndGlobalSection
	GlobalSection(ProjectConfigurationPlatforms) = postSolution
		{9F1F4340-2787-40BE-993D-1F3C12D9C3B0}.Debug|Any CPU.ActiveCfg = Debug|Any CPU
		{9F1F4340-2787-40BE-993D-1F3C12D9C3B0}.Debug|Any CPU.Build.0 = Debug|Any CPU
		{9F1F4340-2787-40BE-993D-1F3C12D9C3B0}.Release|Any CPU.ActiveCfg = Release|Any CPU
		{9F1F4340-2787-40BE-993D-1F3C12D9C3B0}.Release|Any CPU.Build.0 = Release|Any CPU
		{293179AB-BCE7-4EBC-8045-7F7BFE16CD39}.Debug|Any CPU.ActiveCfg = Debug|Any CPU
		{293179AB-BCE7-4EBC-8045-7F7BFE16CD39}.Debug|Any CPU.Build.0 = Debug|Any CPU
		{293179AB-BCE7-4EBC-8045-7F7BFE16CD39}.Release|Any CPU.ActiveCfg = Release|Any CPU
		{293179AB-BCE7-4EBC-8045-7F7BFE16CD39}.Release|Any CPU.Build.0 = Release|Any CPU
	EndGlobalSection
EndGlobal
