
Microsoft Visual Studio Solution File, Format Version 12.00
Project("{FAE04EC0-301F-11D3-BF4B-00C04F79EFBC}") = "ReSharperPlugin.Rider.T4.Enterprise", "Rider.T4.Enterprise\src\dotnet\ReSharperPlugin.Rider.T4.Enterprise\ReSharperPlugin.Rider.T4.Enterprise.csproj", "{E70C130A-A15A-4B7B-BB12-CD43E4B9BD98}"
EndProject
Project("{FAE04EC0-301F-11D3-BF4B-00C04F79EFBC}") = "ReSharperPlugin.Rider.T4.Enterprise.Rider", "Rider.T4.Enterprise\src\dotnet\ReSharperPlugin.Rider.T4.Enterprise\ReSharperPlugin.Rider.T4.Enterprise.Rider.csproj", "{F7278F6F-24CC-4407-BD31-1E6DE388F7A9}"
EndProject
Project("{FAE04EC0-301F-11D3-BF4B-00C04F79EFBC}") = "ReSharperPlugin.Rider.T4.Enterprise.Tests", "Rider.T4.Enterprise\src\dotnet\ReSharperPlugin.Rider.T4.Enterprise.Tests\ReSharperPlugin.Rider.T4.Enterprise.Tests.csproj", "{B78901F4-C1D5-4ECC-B5DD-969CF52D9B12}"
EndProject
Global
	GlobalSection(SolutionConfigurationPlatforms) = preSolution
		Debug|Any CPU = Debug|Any CPU
		Release|Any CPU = Release|Any CPU
	EndGlobalSection
	GlobalSection(ProjectConfigurationPlatforms) = postSolution
		{E70C130A-A15A-4B7B-BB12-CD43E4B9BD98}.Debug|Any CPU.ActiveCfg = Debug|Any CPU
		{E70C130A-A15A-4B7B-BB12-CD43E4B9BD98}.Debug|Any CPU.Build.0 = Debug|Any CPU
		{E70C130A-A15A-4B7B-BB12-CD43E4B9BD98}.Release|Any CPU.ActiveCfg = Release|Any CPU
		{E70C130A-A15A-4B7B-BB12-CD43E4B9BD98}.Release|Any CPU.Build.0 = Release|Any CPU
		{F7278F6F-24CC-4407-BD31-1E6DE388F7A9}.Debug|Any CPU.ActiveCfg = Debug|Any CPU
		{F7278F6F-24CC-4407-BD31-1E6DE388F7A9}.Debug|Any CPU.Build.0 = Debug|Any CPU
		{F7278F6F-24CC-4407-BD31-1E6DE388F7A9}.Release|Any CPU.ActiveCfg = Release|Any CPU
		{F7278F6F-24CC-4407-BD31-1E6DE388F7A9}.Release|Any CPU.Build.0 = Release|Any CPU
		{B78901F4-C1D5-4ECC-B5DD-969CF52D9B12}.Debug|Any CPU.ActiveCfg = Debug|Any CPU
		{B78901F4-C1D5-4ECC-B5DD-969CF52D9B12}.Debug|Any CPU.Build.0 = Debug|Any CPU
		{B78901F4-C1D5-4ECC-B5DD-969CF52D9B12}.Release|Any CPU.ActiveCfg = Release|Any CPU
		{B78901F4-C1D5-4ECC-B5DD-969CF52D9B12}.Release|Any CPU.Build.0 = Release|Any CPU
	EndGlobalSection
EndGlobal
